<?xml version="1.0" encoding="utf-8"?>
<Project ToolsVersion="4.0" xmlns="http://schemas.microsoft.com/developer/msbuild/2003">
  <ItemGroup>
    <Filter Include="Project Files">
      <UniqueIdentifier>{d80d02fc-2854-4baa-a73f-eef5c18b1a80}</UniqueIdentifier>
    </Filter>
    <Filter Include="Login">
      <UniqueIdentifier>{a7a03a66-e523-4bfe-8ad2-2a932231ff99}</UniqueIdentifier>
    </Filter>
    <Filter Include="HttpPool">
      <UniqueIdentifier>{6688ab7a-a56c-4bbc-8ea3-3248fb0738a6}</UniqueIdentifier>
    </Filter>
    <Filter Include="Database">
      <UniqueIdentifier>{6f70893f-0416-442d-b125-878b6fe9d15e}</UniqueIdentifier>
    </Filter>
    <Filter Include="Misc">
      <UniqueIdentifier>{b7fdb971-942d-4056-b844-e25349518229}</UniqueIdentifier>
    </Filter>
    <Filter Include="SysConfig">
      <UniqueIdentifier>{95300389-4e39-46e8-b705-edc1b7ff59cd}</UniqueIdentifier>
    </Filter>
    <Filter Include="UserList">
      <UniqueIdentifier>{1e7c9cd8-e0d5-4631-b5a0-1be8cf22cab6}</UniqueIdentifier>
    </Filter>
    <Filter Include="GroupList">
      <UniqueIdentifier>{0d70c858-2060-4e1b-8c82-92e3d1058a98}</UniqueIdentifier>
    </Filter>
    <Filter Include="Session">
      <UniqueIdentifier>{07f8a13b-7442-4d67-aa9c-12b5c9012ad8}</UniqueIdentifier>
    </Filter>
    <Filter Include="Emotion">
      <UniqueIdentifier>{2037dec1-aa03-41fa-9742-b3750d3eec66}</UniqueIdentifier>
    </Filter>
    <Filter Include="Message">
      <UniqueIdentifier>{54f075ee-ca11-4f8d-ab7d-3dcfe4513cf4}</UniqueIdentifier>
    </Filter>
    <Filter Include="Session\UI">
      <UniqueIdentifier>{8cec06dc-595d-4869-9c24-e1c0c75dbea0}</UniqueIdentifier>
    </Filter>
    <Filter Include="GroupList\UI">
      <UniqueIdentifier>{8e455d05-b50a-4eda-83d3-73608d7071a8}</UniqueIdentifier>
    </Filter>
    <Filter Include="P2PCmd">
      <UniqueIdentifier>{03b5445f-359d-40df-bbd8-1efde60665a7}</UniqueIdentifier>
    </Filter>
    <Filter Include="Session\UI\MainList">
      <UniqueIdentifier>{b7ef5138-4290-4cb5-a0da-e0bf4461e554}</UniqueIdentifier>
    </Filter>
    <Filter Include="Base">
      <UniqueIdentifier>{40db4c19-bd14-4b3f-9862-0ad318deab68}</UniqueIdentifier>
    </Filter>
    <Filter Include="TcpClient">
      <UniqueIdentifier>{1d31fdd9-dc2c-4c5f-8925-5c72eb4d9132}</UniqueIdentifier>
    </Filter>
    <Filter Include="FileTransfer">
      <UniqueIdentifier>{2888ae8c-ff1f-402e-ac3d-6918c2092715}</UniqueIdentifier>
    </Filter>
    <Filter Include="ScreenCapture">
      <UniqueIdentifier>{8203252e-2a7e-443b-a739-3cc840271642}</UniqueIdentifier>
    </Filter>
    <Filter Include="Session\Operation">
      <UniqueIdentifier>{80980e71-8408-411f-9c20-4d9a9de9db33}</UniqueIdentifier>
    </Filter>
    <Filter Include="ScreenCapture\UI">
      <UniqueIdentifier>{25451613-548e-4d4a-b11a-e23574841c7c}</UniqueIdentifier>
    </Filter>
    <Filter Include="ScreenCapture\CaptureMode">
      <UniqueIdentifier>{9a93c0ae-0212-4e38-b77f-7359c9d79dea}</UniqueIdentifier>
    </Filter>
    <Filter Include="Session\UI\Session">
      <UniqueIdentifier>{cbe20212-e07d-4d3d-9865-422883e64a9f}</UniqueIdentifier>
    </Filter>
    <Filter Include="Session\UI\Search">
      <UniqueIdentifier>{b3919bc7-c0a4-4449-befc-cf957ac0e63a}</UniqueIdentifier>
    </Filter>
    <Filter Include="Session\UI\UserDetailInfo">
      <UniqueIdentifier>{6b21eab2-828f-452b-8125-28795603623b}</UniqueIdentifier>
    </Filter>
    <Filter Include="sharesrc">
      <UniqueIdentifier>{a87a2fcf-4823-40ee-9380-115cd2a56603}</UniqueIdentifier>
    </Filter>
    <Filter Include="sharesrc\libsecurity">
      <UniqueIdentifier>{757afb05-af1d-4b32-b704-b49dc37e9d74}</UniqueIdentifier>
    </Filter>
    <Filter Include="sharesrc\Protocal">
      <UniqueIdentifier>{5d18eeba-40f6-41b4-9afa-1b6e22b831c7}</UniqueIdentifier>
    </Filter>
  </ItemGroup>
  <ItemGroup>
    <ClCompile Include="stdafx.cpp">
      <Filter>Project Files</Filter>
    </ClCompile>
    <ClCompile Include="src\modules\UserList\IUserListModule.cpp">
      <Filter>UserList</Filter>
    </ClCompile>
    <ClCompile Include="src\modules\UserList\UserListModule_Impl.cpp">
      <Filter>UserList</Filter>
    </ClCompile>
    <ClCompile Include="src\modules\TcpClient\TcpClientModule_Impl.cpp">
      <Filter>TcpClient</Filter>
    </ClCompile>
    <ClCompile Include="src\modules\SysConfig\ServerConfigDialog.cpp">
      <Filter>SysConfig</Filter>
    </ClCompile>
    <ClCompile Include="src\modules\SysConfig\SysConfigDialog.cpp">
      <Filter>SysConfig</Filter>
    </ClCompile>
    <ClCompile Include="src\modules\SysConfig\SysConfigModule_Impl.cpp">
      <Filter>SysConfig</Filter>
    </ClCompile>
    <ClCompile Include="src\modules\Session\ISessionModule.cpp">
      <Filter>Session</Filter>
    </ClCompile>
    <ClCompile Include="src\modules\Session\SessionManager.cpp">
      <Filter>Session</Filter>
    </ClCompile>
    <ClCompile Include="src\modules\Session\SessionModule_Impl.cpp">
      <Filter>Session</Filter>
    </ClCompile>
    <ClCompile Include="src\modules\Session\Operation\DownloadAvatarHttpOperation.cpp">
      <Filter>Session\Operation</Filter>
    </ClCompile>
    <ClCompile Include="src\modules\Session\Operation\SendImgHttpOperation.cpp">
      <Filter>Session\Operation</Filter>
    </ClCompile>
    <ClCompile Include="src\modules\Session\Operation\SyncTimerTimer.cpp">
      <Filter>Session\Operation</Filter>
    </ClCompile>
    <ClCompile Include="src\modules\Session\UI\UIEAUserTreelist.cpp">
      <Filter>Session\UI</Filter>
    </ClCompile>
    <ClCompile Include="src\modules\Session\UI\UIGroupsTreelist.cpp">
      <Filter>Session\UI</Filter>
    </ClCompile>
    <ClCompile Include="src\modules\Session\UI\UIIMEdit.cpp">
      <Filter>Session\UI</Filter>
    </ClCompile>
    <ClCompile Include="src\modules\Session\UI\UIIMList.cpp">
      <Filter>Session\UI</Filter>
    </ClCompile>
    <ClCompile Include="src\modules\Session\UI\UIIMListCommonDefine.cpp">
      <Filter>Session\UI</Filter>
    </ClCompile>
    <ClCompile Include="src\modules\Session\UI\UIRecentSessionList.cpp">
      <Filter>Session\UI</Filter>
    </ClCompile>
    <ClCompile Include="src\modules\Session\UI\MainList\MainListLayout.cpp">
      <Filter>Session\UI\MainList</Filter>
    </ClCompile>
    <ClCompile Include="src\modules\Session\UI\MainList\MainListLayout_Event.cpp">
      <Filter>Session\UI\MainList</Filter>
    </ClCompile>
    <ClCompile Include="src\modules\Session\UI\Search\SearchLayout.cpp">
      <Filter>Session\UI\Search</Filter>
    </ClCompile>
    <ClCompile Include="src\modules\Session\UI\Session\SessionDialog.cpp">
      <Filter>Session\UI\Session</Filter>
    </ClCompile>
    <ClCompile Include="src\modules\Session\UI\Session\SessionLayout.cpp">
      <Filter>Session\UI\Session</Filter>
    </ClCompile>
    <ClCompile Include="src\modules\Session\UI\Session\SessionLayout_Event.cpp">
      <Filter>Session\UI\Session</Filter>
    </ClCompile>
    <ClCompile Include="src\modules\Session\UI\Session\SessionLayout_Function.cpp">
      <Filter>Session\UI\Session</Filter>
    </ClCompile>
    <ClCompile Include="src\modules\Session\UI\UserDetailInfo\UserDetailInfoDialog.cpp">
      <Filter>Session\UI\UserDetailInfo</Filter>
    </ClCompile>
    <ClCompile Include="src\modules\ScreenCapture\ScreenCapture.cpp">
      <Filter>ScreenCapture</Filter>
    </ClCompile>
    <ClCompile Include="src\modules\ScreenCapture\ScreenCaptureModule_Impl.cpp">
      <Filter>ScreenCapture</Filter>
    </ClCompile>
    <ClCompile Include="src\modules\ScreenCapture\ScreenSnapshot.cpp">
      <Filter>ScreenCapture</Filter>
    </ClCompile>
    <ClCompile Include="src\modules\ScreenCapture\UI\BkgroundUI.cpp">
      <Filter>ScreenCapture\UI</Filter>
    </ClCompile>
    <ClCompile Include="src\modules\ScreenCapture\UI\DlgBase.cpp">
      <Filter>ScreenCapture\UI</Filter>
    </ClCompile>
    <ClCompile Include="src\modules\ScreenCapture\UI\EditToolbar.cpp">
      <Filter>ScreenCapture\UI</Filter>
    </ClCompile>
    <ClCompile Include="src\modules\ScreenCapture\UI\UIMgr.cpp">
      <Filter>ScreenCapture\UI</Filter>
    </ClCompile>
    <ClCompile Include="src\modules\ScreenCapture\CaptureMode\AutoSelectMode.cpp">
      <Filter>ScreenCapture\CaptureMode</Filter>
    </ClCompile>
    <ClCompile Include="src\modules\ScreenCapture\CaptureMode\CaptureMode.cpp">
      <Filter>ScreenCapture\CaptureMode</Filter>
    </ClCompile>
    <ClCompile Include="src\modules\ScreenCapture\CaptureMode\ManalEditMode.cpp">
      <Filter>ScreenCapture\CaptureMode</Filter>
    </ClCompile>
    <ClCompile Include="src\modules\ScreenCapture\CaptureMode\ManalSelectMode.cpp">
      <Filter>ScreenCapture\CaptureMode</Filter>
    </ClCompile>
    <ClCompile Include="src\modules\P2PCmd\P2PCmdModule_Impl.cpp">
      <Filter>P2PCmd</Filter>
    </ClCompile>
    <ClCompile Include="src\modules\Base\ModuleBase.cpp">
      <Filter>Base</Filter>
    </ClCompile>
    <ClCompile Include="src\modules\Base\ModuleObserver.cpp">
      <Filter>Base</Filter>
    </ClCompile>
    <ClCompile Include="src\modules\Base\ModuleSubject.cpp">
      <Filter>Base</Filter>
    </ClCompile>
    <ClCompile Include="src\modules\Base\UIEventManager.cpp">
      <Filter>Base</Filter>
    </ClCompile>
    <ClCompile Include="src\modules\Database\DatabaseModule_DepartmentInfoDB_Impl.cpp">
      <Filter>Database</Filter>
    </ClCompile>
    <ClCompile Include="src\modules\Database\DatabaseModule_FileTransferHistory_Impl.cpp">
      <Filter>Database</Filter>
    </ClCompile>
    <ClCompile Include="src\modules\Database\DatabaseModule_GroupInfoDB_Impl.cpp">
      <Filter>Database</Filter>
    </ClCompile>
    <ClCompile Include="src\modules\Database\DatabaseModule_ImageDB_Impl.cpp">
      <Filter>Database</Filter>
    </ClCompile>
    <ClCompile Include="src\modules\Database\DatabaseModule_Impl.cpp">
      <Filter>Database</Filter>
    </ClCompile>
    <ClCompile Include="src\modules\Database\DatabaseModule_MessageDB_Impl.cpp">
      <Filter>Database</Filter>
    </ClCompile>
    <ClCompile Include="src\modules\Database\DatabaseModule_RecentSessionDB_Impl.cpp">
      <Filter>Database</Filter>
    </ClCompile>
    <ClCompile Include="src\modules\Database\DatabaseModule_UserInfoDB_Impl.cpp">
      <Filter>Database</Filter>
    </ClCompile>
    <ClCompile Include="src\modules\Emotion\EmoCfgParseTool.cpp">
      <Filter>Emotion</Filter>
    </ClCompile>
    <ClCompile Include="src\modules\Emotion\EmotionButton.cpp">
      <Filter>Emotion</Filter>
    </ClCompile>
    <ClCompile Include="src\modules\Emotion\EmotionDialog.cpp">
      <Filter>Emotion</Filter>
    </ClCompile>
    <ClCompile Include="src\modules\Emotion\EmotionModule_Impl.cpp">
      <Filter>Emotion</Filter>
    </ClCompile>
    <ClCompile Include="src\modules\FileTransfer\FileTransferDialog.cpp">
      <Filter>FileTransfer</Filter>
    </ClCompile>
    <ClCompile Include="src\modules\FileTransfer\FileTransferModule_Impl.cpp">
      <Filter>FileTransfer</Filter>
    </ClCompile>
    <ClCompile Include="src\modules\FileTransfer\FileTransferSocket.cpp">
      <Filter>FileTransfer</Filter>
    </ClCompile>
    <ClCompile Include="src\modules\FileTransfer\FileTransferUIThread.cpp">
      <Filter>FileTransfer</Filter>
    </ClCompile>
    <ClCompile Include="src\modules\FileTransfer\TransferFile.cpp">
      <Filter>FileTransfer</Filter>
    </ClCompile>
    <ClCompile Include="src\modules\FileTransfer\TransferManager.cpp">
      <Filter>FileTransfer</Filter>
    </ClCompile>
    <ClCompile Include="src\modules\GroupList\GroupListModule_Impl.cpp">
      <Filter>GroupList</Filter>
    </ClCompile>
    <ClCompile Include="src\modules\GroupList\UI\ChangeDiscussionGrpMemberDialog.cpp">
      <Filter>GroupList\UI</Filter>
    </ClCompile>
    <ClCompile Include="src\modules\GroupList\UI\CreateDiscussionGrpDialog.cpp">
      <Filter>GroupList\UI</Filter>
    </ClCompile>
    <ClCompile Include="src\modules\GroupList\UI\ListCreatFrom.cpp">
      <Filter>GroupList\UI</Filter>
    </ClCompile>
    <ClCompile Include="src\modules\GroupList\UI\ListGroupMembers.cpp">
      <Filter>GroupList\UI</Filter>
    </ClCompile>
    <ClCompile Include="src\modules\HttpPool\HttpPoolModule_Impl.cpp">
      <Filter>HttpPool</Filter>
    </ClCompile>
    <ClCompile Include="src\modules\Login\DoLoginServerHttpOperation.cpp">
      <Filter>Login</Filter>
    </ClCompile>
    <ClCompile Include="src\modules\Login\GetServConfigHttpOperation.cpp">
      <Filter>Login</Filter>
    </ClCompile>
    <ClCompile Include="src\modules\Login\LoginDialog.cpp">
      <Filter>Login</Filter>
    </ClCompile>
    <ClCompile Include="src\modules\Login\LoginModule_Impl.cpp">
      <Filter>Login</Filter>
    </ClCompile>
    <ClCompile Include="src\modules\Login\LoginOperation.cpp">
      <Filter>Login</Filter>
    </ClCompile>
    <ClCompile Include="src\modules\Login\ReloginManager.cpp">
      <Filter>Login</Filter>
    </ClCompile>
    <ClCompile Include="src\modules\Message\MessageEntity.cpp">
      <Filter>Message</Filter>
    </ClCompile>
    <ClCompile Include="src\modules\Message\MessageModule_Impl.cpp">
      <Filter>Message</Filter>
    </ClCompile>
    <ClCompile Include="src\modules\Message\ReceiveMsgManage.cpp">
      <Filter>Message</Filter>
    </ClCompile>
    <ClCompile Include="src\modules\Message\SendMsgManage.cpp">
      <Filter>Message</Filter>
    </ClCompile>
    <ClCompile Include="src\modules\Misc\MiscModule_Impl.cpp">
      <Filter>Misc</Filter>
    </ClCompile>
    <ClCompile Include="..\..\sharesrc\protocol\IM.Message.pb.cc">
      <Filter>sharesrc\Protocal</Filter>
    </ClCompile>
    <ClCompile Include="..\..\sharesrc\protocol\IM.Other.pb.cc">
      <Filter>sharesrc\Protocal</Filter>
    </ClCompile>
    <ClCompile Include="..\..\sharesrc\protocol\IM.Server.pb.cc">
      <Filter>sharesrc\Protocal</Filter>
    </ClCompile>
    <ClCompile Include="..\..\sharesrc\protocol\IM.SwitchService.pb.cc">
      <Filter>sharesrc\Protocal</Filter>
    </ClCompile>
    <ClCompile Include="..\..\sharesrc\protocol\IM.BaseDefine.pb.cc">
      <Filter>sharesrc\Protocal</Filter>
    </ClCompile>
    <ClCompile Include="..\..\sharesrc\protocol\IM.Buddy.pb.cc">
      <Filter>sharesrc\Protocal</Filter>
    </ClCompile>
    <ClCompile Include="..\..\sharesrc\protocol\IM.File.pb.cc">
      <Filter>sharesrc\Protocal</Filter>
    </ClCompile>
    <ClCompile Include="..\..\sharesrc\protocol\IM.Group.pb.cc">
      <Filter>sharesrc\Protocal</Filter>
    </ClCompile>
    <ClCompile Include="..\..\sharesrc\protocol\IM.Login.pb.cc">
      <Filter>sharesrc\Protocal</Filter>
    </ClCompile>
    <ClCompile Include="..\..\sharesrc\libsecurity\aes_core.cpp">
      <Filter>sharesrc\libsecurity</Filter>
    </ClCompile>
    <ClCompile Include="..\..\sharesrc\libsecurity\base64.cpp">
      <Filter>sharesrc\libsecurity</Filter>
    </ClCompile>
    <ClCompile Include="..\..\sharesrc\libsecurity\md5.cpp">
      <Filter>sharesrc\libsecurity</Filter>
    </ClCompile>
    <ClCompile Include="..\..\sharesrc\libsecurity\security.cpp">
      <Filter>sharesrc\libsecurity</Filter>
    </ClCompile>
    <ClCompile Include="..\..\sharesrc\libsecurity\sk_md5.cpp">
      <Filter>sharesrc\libsecurity</Filter>
    </ClCompile>
  </ItemGroup>
  <ItemGroup>
    <ClInclude Include="Resource.h">
      <Filter>Project Files</Filter>
    </ClInclude>
    <ClInclude Include="stdafx.h">
      <Filter>Project Files</Filter>
    </ClInclude>
    <ClInclude Include="targetver.h">
      <Filter>Project Files</Filter>
    </ClInclude>
    <ClInclude Include="include\modules\IUserListModule.h">
      <Filter>UserList</Filter>
    </ClInclude>
    <ClInclude Include="src\modules\UserList\UserListModule_Impl.h">
      <Filter>UserList</Filter>
    </ClInclude>
    <ClInclude Include="src\modules\TcpClient\TcpClientModule_Impl.h">
      <Filter>TcpClient</Filter>
    </ClInclude>
    <ClInclude Include="include\modules\ITcpClientModule.h">
      <Filter>TcpClient</Filter>
    </ClInclude>
    <ClInclude Include="include\modules\ISysConfigModule.h">
      <Filter>SysConfig</Filter>
    </ClInclude>
    <ClInclude Include="src\modules\SysConfig\ServerConfigDialog.h">
      <Filter>SysConfig</Filter>
    </ClInclude>
    <ClInclude Include="src\modules\SysConfig\SysConfigDialog.h">
      <Filter>SysConfig</Filter>
    </ClInclude>
    <ClInclude Include="src\modules\SysConfig\SysConfigModule_Impl.h">
      <Filter>SysConfig</Filter>
    </ClInclude>
    <ClInclude Include="include\modules\ISessionModule.h">
      <Filter>Session</Filter>
    </ClInclude>
    <ClInclude Include="src\modules\Session\SessionManager.h">
      <Filter>Session</Filter>
    </ClInclude>
    <ClInclude Include="src\modules\Session\SessionModule_Impl.h">
      <Filter>Session</Filter>
    </ClInclude>
    <ClInclude Include="src\modules\Session\Operation\DownloadAvatarHttpOperation.h">
      <Filter>Session\Operation</Filter>
    </ClInclude>
    <ClInclude Include="src\modules\Session\Operation\SendImgHttpOperation.h">
      <Filter>Session\Operation</Filter>
    </ClInclude>
    <ClInclude Include="src\modules\Session\Operation\SyncTimerTimer.h">
      <Filter>Session\Operation</Filter>
    </ClInclude>
    <ClInclude Include="src\modules\Session\UI\UIEAUserTreelist.h">
      <Filter>Session\UI</Filter>
    </ClInclude>
    <ClInclude Include="src\modules\Session\UI\UIGroupsTreelist.h">
      <Filter>Session\UI</Filter>
    </ClInclude>
    <ClInclude Include="src\modules\Session\UI\UIIMEdit.h">
      <Filter>Session\UI</Filter>
    </ClInclude>
    <ClInclude Include="src\modules\Session\UI\UIIMList.h">
      <Filter>Session\UI</Filter>
    </ClInclude>
    <ClInclude Include="src\modules\Session\UI\UIIMListCommonDefine.h">
      <Filter>Session\UI</Filter>
    </ClInclude>
    <ClInclude Include="src\modules\Session\UI\UIRecentSessionList.h">
      <Filter>Session\UI</Filter>
    </ClInclude>
    <ClInclude Include="src\modules\Session\UI\MainList\MainListLayout.h">
      <Filter>Session\UI\MainList</Filter>
    </ClInclude>
    <ClInclude Include="src\modules\Session\UI\Search\SearchLayout.h">
      <Filter>Session\UI\Search</Filter>
    </ClInclude>
    <ClInclude Include="src\modules\Session\UI\Session\SessionDialog.h">
      <Filter>Session\UI\Session</Filter>
    </ClInclude>
    <ClInclude Include="src\modules\Session\UI\Session\SessionLayout.h">
      <Filter>Session\UI\Session</Filter>
    </ClInclude>
    <ClInclude Include="src\modules\Session\UI\UserDetailInfo\UserDetailInfoDialog.h">
      <Filter>Session\UI\UserDetailInfo</Filter>
    </ClInclude>
    <ClInclude Include="include\modules\IScreenCaptureModule.h">
      <Filter>ScreenCapture</Filter>
    </ClInclude>
    <ClInclude Include="src\modules\ScreenCapture\Common.h">
      <Filter>ScreenCapture</Filter>
    </ClInclude>
    <ClInclude Include="src\modules\ScreenCapture\ScreenCapture.h">
      <Filter>ScreenCapture</Filter>
    </ClInclude>
    <ClInclude Include="src\modules\ScreenCapture\ScreenCaptureModule_Impl.h">
      <Filter>ScreenCapture</Filter>
    </ClInclude>
    <ClInclude Include="src\modules\ScreenCapture\ScreenSnapshot.h">
      <Filter>ScreenCapture</Filter>
    </ClInclude>
    <ClInclude Include="src\modules\ScreenCapture\UI\BkgroundUI.h">
      <Filter>ScreenCapture\UI</Filter>
    </ClInclude>
    <ClInclude Include="src\modules\ScreenCapture\UI\Dlgbase.h">
      <Filter>ScreenCapture\UI</Filter>
    </ClInclude>
    <ClInclude Include="src\modules\ScreenCapture\UI\EditToolbarUI.h">
      <Filter>ScreenCapture\UI</Filter>
    </ClInclude>
    <ClInclude Include="src\modules\ScreenCapture\UI\UIMgr.h">
      <Filter>ScreenCapture\UI</Filter>
    </ClInclude>
    <ClInclude Include="src\modules\ScreenCapture\CaptureMode\AutoSelectMode.h">
      <Filter>ScreenCapture\CaptureMode</Filter>
    </ClInclude>
    <ClInclude Include="src\modules\ScreenCapture\CaptureMode\CaptureMode.h">
      <Filter>ScreenCapture\CaptureMode</Filter>
    </ClInclude>
    <ClInclude Include="src\modules\ScreenCapture\CaptureMode\ManalEditMode.h">
      <Filter>ScreenCapture\CaptureMode</Filter>
    </ClInclude>
    <ClInclude Include="src\modules\ScreenCapture\CaptureMode\ManalSelectMode.h">
      <Filter>ScreenCapture\CaptureMode</Filter>
    </ClInclude>
    <ClInclude Include="src\modules\ScreenCapture\CaptureMode\ModeComm.h">
      <Filter>ScreenCapture\CaptureMode</Filter>
    </ClInclude>
    <ClInclude Include="src\modules\P2PCmd\P2PCmdModule_Impl.h">
      <Filter>P2PCmd</Filter>
    </ClInclude>
    <ClInclude Include="include\modules\IP2PCmdModule.h">
      <Filter>P2PCmd</Filter>
    </ClInclude>
    <ClInclude Include="include\modules\IMiscModule.h">
      <Filter>Misc</Filter>
    </ClInclude>
    <ClInclude Include="include\modules\IMessageModule.h">
      <Filter>Message</Filter>
    </ClInclude>
    <ClInclude Include="include\modules\ILoginModule.h">
      <Filter>Login</Filter>
    </ClInclude>
    <ClInclude Include="include\modules\IHttpPoolModule.h">
      <Filter>HttpPool</Filter>
    </ClInclude>
    <ClInclude Include="include\modules\IGroupListModule.h">
      <Filter>GroupList</Filter>
    </ClInclude>
    <ClInclude Include="include\modules\IFileTransferModule.h">
      <Filter>FileTransfer</Filter>
    </ClInclude>
    <ClInclude Include="include\modules\IEmotionModule.h">
      <Filter>Emotion</Filter>
    </ClInclude>
    <ClInclude Include="include\modules\IDatabaseModule.h">
      <Filter>Database</Filter>
    </ClInclude>
    <ClInclude Include="include\modules\Base\ICallbackOperationEvent.h">
      <Filter>Base</Filter>
    </ClInclude>
    <ClInclude Include="include\modules\Base\ICallbackOpertaion.h">
      <Filter>Base</Filter>
    </ClInclude>
    <ClInclude Include="include\modules\Base\IEvent.h">
      <Filter>Base</Filter>
    </ClInclude>
    <ClInclude Include="include\modules\Base\IMKOEvent.h">
      <Filter>Base</Filter>
    </ClInclude>
    <ClInclude Include="include\modules\Base\ITimerEvent.h">
      <Filter>Base</Filter>
    </ClInclude>
    <ClInclude Include="include\modules\Base\ModuleBase.h">
      <Filter>Base</Filter>
    </ClInclude>
    <ClInclude Include="include\modules\Base\ModuleObserver.h">
      <Filter>Base</Filter>
    </ClInclude>
    <ClInclude Include="include\modules\Base\ModuleSubject.h">
      <Filter>Base</Filter>
    </ClInclude>
    <ClInclude Include="include\modules\Base\UIEventManager.h">
      <Filter>Base</Filter>
    </ClInclude>
    <ClInclude Include="src\modules\Database\DatabaseModule_Impl.h">
      <Filter>Database</Filter>
    </ClInclude>
    <ClInclude Include="src\modules\Emotion\EmoCfgParseTool.h">
      <Filter>Emotion</Filter>
    </ClInclude>
    <ClInclude Include="src\modules\Emotion\EmotionButton.h">
      <Filter>Emotion</Filter>
    </ClInclude>
    <ClInclude Include="src\modules\Emotion\EmotionDialog.h">
      <Filter>Emotion</Filter>
    </ClInclude>
    <ClInclude Include="src\modules\Emotion\EmotionModule_Impl.h">
      <Filter>Emotion</Filter>
    </ClInclude>
    <ClInclude Include="src\modules\FileTransfer\FileTransferDialog.h">
      <Filter>FileTransfer</Filter>
    </ClInclude>
    <ClInclude Include="src\modules\FileTransfer\FileTransferModule_Impl.h">
      <Filter>FileTransfer</Filter>
    </ClInclude>
    <ClInclude Include="src\modules\FileTransfer\FileTransferSocket.h">
      <Filter>FileTransfer</Filter>
    </ClInclude>
    <ClInclude Include="src\modules\FileTransfer\FileTransferUIThread.h">
      <Filter>FileTransfer</Filter>
    </ClInclude>
    <ClInclude Include="src\modules\FileTransfer\TransferFile.h">
      <Filter>FileTransfer</Filter>
    </ClInclude>
    <ClInclude Include="src\modules\FileTransfer\TransferManager.h">
      <Filter>FileTransfer</Filter>
    </ClInclude>
    <ClInclude Include="src\modules\GroupList\GroupListModule_Impl.h">
      <Filter>GroupList</Filter>
    </ClInclude>
    <ClInclude Include="src\modules\GroupList\UI\ChangeDiscussionGrpMemberDialog.h">
      <Filter>GroupList\UI</Filter>
    </ClInclude>
    <ClInclude Include="src\modules\GroupList\UI\CreateDiscussionGrpDialog.h">
      <Filter>GroupList\UI</Filter>
    </ClInclude>
    <ClInclude Include="src\modules\GroupList\UI\ListCreatFrom.h">
      <Filter>GroupList\UI</Filter>
    </ClInclude>
    <ClInclude Include="src\modules\GroupList\UI\ListGroupMembers.h">
      <Filter>GroupList\UI</Filter>
    </ClInclude>
    <ClInclude Include="src\modules\HttpPool\HttpPoolModule_Impl.h">
      <Filter>HttpPool</Filter>
    </ClInclude>
    <ClInclude Include="src\modules\Login\DoLoginServerHttpOperation.h">
      <Filter>Login</Filter>
    </ClInclude>
    <ClInclude Include="src\modules\Login\GetServConfigHttpOperation.h">
      <Filter>Login</Filter>
    </ClInclude>
    <ClInclude Include="src\modules\Login\LoginDialog.h">
      <Filter>Login</Filter>
    </ClInclude>
    <ClInclude Include="src\modules\Login\LoginModule_Impl.h">
      <Filter>Login</Filter>
    </ClInclude>
    <ClInclude Include="src\modules\Login\LoginOperation.h">
      <Filter>Login</Filter>
    </ClInclude>
    <ClInclude Include="src\modules\Login\ReloginManager.h">
      <Filter>Login</Filter>
    </ClInclude>
    <ClInclude Include="src\modules\Message\MessageModule_Impl.h">
      <Filter>Message</Filter>
    </ClInclude>
    <ClInclude Include="src\modules\Message\ReceiveMsgManage.h">
      <Filter>Message</Filter>
    </ClInclude>
    <ClInclude Include="src\modules\Message\SendMsgManage.h">
      <Filter>Message</Filter>
    </ClInclude>
    <ClInclude Include="src\modules\Misc\MiscModule_Impl.h">
      <Filter>Misc</Filter>
    </ClInclude>
    <ClInclude Include="..\..\sharesrc\protocol\IM.Message.pb.h">
      <Filter>sharesrc\Protocal</Filter>
    </ClInclude>
    <ClInclude Include="..\..\sharesrc\protocol\IM.Other.pb.h">
      <Filter>sharesrc\Protocal</Filter>
    </ClInclude>
    <ClInclude Include="..\..\sharesrc\protocol\IM.Server.pb.h">
      <Filter>sharesrc\Protocal</Filter>
    </ClInclude>
    <ClInclude Include="..\..\sharesrc\protocol\IM.SwitchService.pb.h">
      <Filter>sharesrc\Protocal</Filter>
    </ClInclude>
    <ClInclude Include="..\..\sharesrc\protocol\IM.BaseDefine.pb.h">
      <Filter>sharesrc\Protocal</Filter>
    </ClInclude>
    <ClInclude Include="..\..\sharesrc\protocol\IM.Buddy.pb.h">
      <Filter>sharesrc\Protocal</Filter>
    </ClInclude>
    <ClInclude Include="..\..\sharesrc\protocol\IM.File.pb.h">
      <Filter>sharesrc\Protocal</Filter>
    </ClInclude>
    <ClInclude Include="..\..\sharesrc\protocol\IM.Group.pb.h">
      <Filter>sharesrc\Protocal</Filter>
    </ClInclude>
    <ClInclude Include="..\..\sharesrc\protocol\IM.Login.pb.h">
      <Filter>sharesrc\Protocal</Filter>
    </ClInclude>
    <ClInclude Include="include\modules\module_dll.h">
      <Filter>Project Files</Filter>
    </ClInclude>
    <ClInclude Include="..\..\sharesrc\libsecurity\aes.h">
      <Filter>sharesrc\libsecurity</Filter>
    </ClInclude>
    <ClInclude Include="..\..\sharesrc\libsecurity\aes_locl.h">
      <Filter>sharesrc\libsecurity</Filter>
    </ClInclude>
    <ClInclude Include="..\..\sharesrc\libsecurity\base64.h">
      <Filter>sharesrc\libsecurity</Filter>
    </ClInclude>
    <ClInclude Include="..\..\sharesrc\libsecurity\md5.h">
      <Filter>sharesrc\libsecurity</Filter>
    </ClInclude>
    <ClInclude Include="..\..\sharesrc\libsecurity\security.h">
      <Filter>sharesrc\libsecurity</Filter>
    </ClInclude>
    <ClInclude Include="..\..\sharesrc\libsecurity\sk_md5.h">
      <Filter>sharesrc\libsecurity</Filter>
    </ClInclude>
  </ItemGroup>
  <ItemGroup>
    <None Include="modules.def">
      <Filter>Project Files</Filter>
    </None>
  </ItemGroup>
  <ItemGroup>
    <ResourceCompile Include="modules.rc">
      <Filter>Project Files</Filter>
    </ResourceCompile>
  </ItemGroup>
</Project>