<?xml version="1.0" encoding="utf-8"?>
<Project ToolsVersion="4.0" xmlns="http://schemas.microsoft.com/developer/msbuild/2003">
  <ItemGroup>
    <Filter Include="cxImage">
      <UniqueIdentifier>{573ba243-1de0-4fcf-b7f8-e38ad6994cde}</UniqueIdentifier>
    </Filter>
    <Filter Include="jpeg">
      <UniqueIdentifier>{4FC737F1-C7A5-4376-A066-2A32D752A2FF}</UniqueIdentifier>
      <Extensions>cpp;c;cc;cxx;c++;cppm;ixx;def;odl;idl;hpj;bat;asm;asmx</Extensions>
    </Filter>
    <Filter Include="png">
      <UniqueIdentifier>{67DA6AB6-F800-4c08-8B7A-83BB121AAD01}</UniqueIdentifier>
      <Extensions>rc;ico;cur;bmp;dlg;rc2;rct;bin;rgs;gif;jpg;jpeg;jpe;resx;tiff;tif;png;wav;mfcribbon-ms</Extensions>
    </Filter>
    <Filter Include="zlib">
      <UniqueIdentifier>{58421fb6-b9f0-40bc-90ff-fe3b57b0f7a8}</UniqueIdentifier>
    </Filter>
  </ItemGroup>
  <ItemGroup>
    <ClCompile Include="dllmain.cpp" />
    <ClCompile Include="cxImage\ximabmp.cpp">
      <Filter>cxImage</Filter>
    </ClCompile>
    <ClCompile Include="cxImage\ximaenc.cpp">
      <Filter>cxImage</Filter>
    </ClCompile>
    <ClCompile Include="cxImage\ximaexif.cpp">
      <Filter>cxImage</Filter>
    </ClCompile>
    <ClCompile Include="cxImage\ximage.cpp">
      <Filter>cxImage</Filter>
    </ClCompile>
    <ClCompile Include="cxImage\ximagif.cpp">
      <Filter>cxImage</Filter>
    </ClCompile>
    <ClCompile Include="cxImage\ximainfo.cpp">
      <Filter>cxImage</Filter>
    </ClCompile>
    <ClCompile Include="cxImage\ximajpg.cpp">
      <Filter>cxImage</Filter>
    </ClCompile>
    <ClCompile Include="cxImage\ximalpha.cpp">
      <Filter>cxImage</Filter>
    </ClCompile>
    <ClCompile Include="cxImage\ximalyr.cpp">
      <Filter>cxImage</Filter>
    </ClCompile>
    <ClCompile Include="cxImage\ximapal.cpp">
      <Filter>cxImage</Filter>
    </ClCompile>
    <ClCompile Include="cxImage\ximapng.cpp">
      <Filter>cxImage</Filter>
    </ClCompile>
    <ClCompile Include="cxImage\ximatran.cpp">
      <Filter>cxImage</Filter>
    </ClCompile>
    <ClCompile Include="cxImage\ximawbmp.cpp">
      <Filter>cxImage</Filter>
    </ClCompile>
    <ClCompile Include="cxImage\ximawnd.cpp">
      <Filter>cxImage</Filter>
    </ClCompile>
    <ClCompile Include="cxImage\xmemfile.cpp">
      <Filter>cxImage</Filter>
    </ClCompile>
    <ClCompile Include="jpeg\jcapimin.c">
      <Filter>jpeg</Filter>
    </ClCompile>
    <ClCompile Include="jpeg\jcapistd.c">
      <Filter>jpeg</Filter>
    </ClCompile>
    <ClCompile Include="jpeg\jccoefct.c">
      <Filter>jpeg</Filter>
    </ClCompile>
    <ClCompile Include="jpeg\jccolor.c">
      <Filter>jpeg</Filter>
    </ClCompile>
    <ClCompile Include="jpeg\jcdctmgr.c">
      <Filter>jpeg</Filter>
    </ClCompile>
    <ClCompile Include="jpeg\jchuff.c">
      <Filter>jpeg</Filter>
    </ClCompile>
    <ClCompile Include="jpeg\jcinit.c">
      <Filter>jpeg</Filter>
    </ClCompile>
    <ClCompile Include="jpeg\jcmainct.c">
      <Filter>jpeg</Filter>
    </ClCompile>
    <ClCompile Include="jpeg\jcmarker.c">
      <Filter>jpeg</Filter>
    </ClCompile>
    <ClCompile Include="jpeg\jcmaster.c">
      <Filter>jpeg</Filter>
    </ClCompile>
    <ClCompile Include="jpeg\jcomapi.c">
      <Filter>jpeg</Filter>
    </ClCompile>
    <ClCompile Include="jpeg\jcparam.c">
      <Filter>jpeg</Filter>
    </ClCompile>
    <ClCompile Include="jpeg\jcphuff.c">
      <Filter>jpeg</Filter>
    </ClCompile>
    <ClCompile Include="jpeg\jcprepct.c">
      <Filter>jpeg</Filter>
    </ClCompile>
    <ClCompile Include="jpeg\jcsample.c">
      <Filter>jpeg</Filter>
    </ClCompile>
    <ClCompile Include="jpeg\jctrans.c">
      <Filter>jpeg</Filter>
    </ClCompile>
    <ClCompile Include="jpeg\jdapimin.c">
      <Filter>jpeg</Filter>
    </ClCompile>
    <ClCompile Include="jpeg\jdapistd.c">
      <Filter>jpeg</Filter>
    </ClCompile>
    <ClCompile Include="jpeg\jdatadst.c">
      <Filter>jpeg</Filter>
    </ClCompile>
    <ClCompile Include="jpeg\jdatasrc.c">
      <Filter>jpeg</Filter>
    </ClCompile>
    <ClCompile Include="jpeg\jdcoefct.c">
      <Filter>jpeg</Filter>
    </ClCompile>
    <ClCompile Include="jpeg\jdcolor.c">
      <Filter>jpeg</Filter>
    </ClCompile>
    <ClCompile Include="jpeg\jddctmgr.c">
      <Filter>jpeg</Filter>
    </ClCompile>
    <ClCompile Include="jpeg\jdhuff.c">
      <Filter>jpeg</Filter>
    </ClCompile>
    <ClCompile Include="jpeg\jdinput.c">
      <Filter>jpeg</Filter>
    </ClCompile>
    <ClCompile Include="jpeg\jdmainct.c">
      <Filter>jpeg</Filter>
    </ClCompile>
    <ClCompile Include="jpeg\jdmarker.c">
      <Filter>jpeg</Filter>
    </ClCompile>
    <ClCompile Include="jpeg\jdmaster.c">
      <Filter>jpeg</Filter>
    </ClCompile>
    <ClCompile Include="jpeg\jdmerge.c">
      <Filter>jpeg</Filter>
    </ClCompile>
    <ClCompile Include="jpeg\jdphuff.c">
      <Filter>jpeg</Filter>
    </ClCompile>
    <ClCompile Include="jpeg\jdpostct.c">
      <Filter>jpeg</Filter>
    </ClCompile>
    <ClCompile Include="jpeg\jdsample.c">
      <Filter>jpeg</Filter>
    </ClCompile>
    <ClCompile Include="jpeg\jdtrans.c">
      <Filter>jpeg</Filter>
    </ClCompile>
    <ClCompile Include="jpeg\jerror.c">
      <Filter>jpeg</Filter>
    </ClCompile>
    <ClCompile Include="jpeg\jfdctflt.c">
      <Filter>jpeg</Filter>
    </ClCompile>
    <ClCompile Include="jpeg\jfdctfst.c">
      <Filter>jpeg</Filter>
    </ClCompile>
    <ClCompile Include="jpeg\jfdctint.c">
      <Filter>jpeg</Filter>
    </ClCompile>
    <ClCompile Include="jpeg\jidctflt.c">
      <Filter>jpeg</Filter>
    </ClCompile>
    <ClCompile Include="jpeg\jidctfst.c">
      <Filter>jpeg</Filter>
    </ClCompile>
    <ClCompile Include="jpeg\jidctint.c">
      <Filter>jpeg</Filter>
    </ClCompile>
    <ClCompile Include="jpeg\jidctred.c">
      <Filter>jpeg</Filter>
    </ClCompile>
    <ClCompile Include="jpeg\jmemmgr.c">
      <Filter>jpeg</Filter>
    </ClCompile>
    <ClCompile Include="jpeg\jmemnobs.c">
      <Filter>jpeg</Filter>
    </ClCompile>
    <ClCompile Include="jpeg\jquant1.c">
      <Filter>jpeg</Filter>
    </ClCompile>
    <ClCompile Include="jpeg\jquant2.c">
      <Filter>jpeg</Filter>
    </ClCompile>
    <ClCompile Include="jpeg\jutils.c">
      <Filter>jpeg</Filter>
    </ClCompile>
    <ClCompile Include="png\png.c">
      <Filter>png</Filter>
    </ClCompile>
    <ClCompile Include="png\pngerror.c">
      <Filter>png</Filter>
    </ClCompile>
    <ClCompile Include="png\pnggccrd.c">
      <Filter>png</Filter>
    </ClCompile>
    <ClCompile Include="png\pngget.c">
      <Filter>png</Filter>
    </ClCompile>
    <ClCompile Include="png\pngmem.c">
      <Filter>png</Filter>
    </ClCompile>
    <ClCompile Include="png\pngpread.c">
      <Filter>png</Filter>
    </ClCompile>
    <ClCompile Include="png\pngread.c">
      <Filter>png</Filter>
    </ClCompile>
    <ClCompile Include="png\pngrio.c">
      <Filter>png</Filter>
    </ClCompile>
    <ClCompile Include="png\pngrtran.c">
      <Filter>png</Filter>
    </ClCompile>
    <ClCompile Include="png\pngrutil.c">
      <Filter>png</Filter>
    </ClCompile>
    <ClCompile Include="png\pngset.c">
      <Filter>png</Filter>
    </ClCompile>
    <ClCompile Include="png\pngtrans.c">
      <Filter>png</Filter>
    </ClCompile>
    <ClCompile Include="png\pngvcrd.c">
      <Filter>png</Filter>
    </ClCompile>
    <ClCompile Include="png\pngwio.c">
      <Filter>png</Filter>
    </ClCompile>
    <ClCompile Include="png\pngwrite.c">
      <Filter>png</Filter>
    </ClCompile>
    <ClCompile Include="png\pngwtran.c">
      <Filter>png</Filter>
    </ClCompile>
    <ClCompile Include="png\pngwutil.c">
      <Filter>png</Filter>
    </ClCompile>
    <ClCompile Include="zlib\adler32.c">
      <Filter>zlib</Filter>
    </ClCompile>
    <ClCompile Include="zlib\compress.c">
      <Filter>zlib</Filter>
    </ClCompile>
    <ClCompile Include="zlib\crc32.c">
      <Filter>zlib</Filter>
    </ClCompile>
    <ClCompile Include="zlib\deflate.c">
      <Filter>zlib</Filter>
    </ClCompile>
    <ClCompile Include="zlib\gzio.c">
      <Filter>zlib</Filter>
    </ClCompile>
    <ClCompile Include="zlib\infback.c">
      <Filter>zlib</Filter>
    </ClCompile>
    <ClCompile Include="zlib\inffast.c">
      <Filter>zlib</Filter>
    </ClCompile>
    <ClCompile Include="zlib\inflate.c">
      <Filter>zlib</Filter>
    </ClCompile>
    <ClCompile Include="zlib\inftrees.c">
      <Filter>zlib</Filter>
    </ClCompile>
    <ClCompile Include="zlib\trees.c">
      <Filter>zlib</Filter>
    </ClCompile>
    <ClCompile Include="zlib\uncompr.c">
      <Filter>zlib</Filter>
    </ClCompile>
    <ClCompile Include="zlib\zutil.c">
      <Filter>zlib</Filter>
    </ClCompile>
  </ItemGroup>
  <ItemGroup>
    <ClInclude Include="cxImage\xfile.h">
      <Filter>cxImage</Filter>
    </ClInclude>
    <ClInclude Include="cxImage\ximabmp.h">
      <Filter>cxImage</Filter>
    </ClInclude>
    <ClInclude Include="cxImage\ximacfg.h">
      <Filter>cxImage</Filter>
    </ClInclude>
    <ClInclude Include="cxImage\ximadef.h">
      <Filter>cxImage</Filter>
    </ClInclude>
    <ClInclude Include="cxImage\ximage.h">
      <Filter>cxImage</Filter>
    </ClInclude>
    <ClInclude Include="cxImage\ximagif.h">
      <Filter>cxImage</Filter>
    </ClInclude>
    <ClInclude Include="cxImage\ximaiter.h">
      <Filter>cxImage</Filter>
    </ClInclude>
    <ClInclude Include="cxImage\ximajpg.h">
      <Filter>cxImage</Filter>
    </ClInclude>
    <ClInclude Include="cxImage\ximapng.h">
      <Filter>cxImage</Filter>
    </ClInclude>
    <ClInclude Include="cxImage\ximath.h">
      <Filter>cxImage</Filter>
    </ClInclude>
    <ClInclude Include="cxImage\ximawbmp.h">
      <Filter>cxImage</Filter>
    </ClInclude>
    <ClInclude Include="cxImage\xiofile.h">
      <Filter>cxImage</Filter>
    </ClInclude>
    <ClInclude Include="cxImage\xmemfile.h">
      <Filter>cxImage</Filter>
    </ClInclude>
    <ClInclude Include="jpeg\jchuff.h">
      <Filter>jpeg</Filter>
    </ClInclude>
    <ClInclude Include="jpeg\jconfig.h">
      <Filter>jpeg</Filter>
    </ClInclude>
    <ClInclude Include="jpeg\jdct.h">
      <Filter>jpeg</Filter>
    </ClInclude>
    <ClInclude Include="jpeg\jdhuff.h">
      <Filter>jpeg</Filter>
    </ClInclude>
    <ClInclude Include="jpeg\jerror.h">
      <Filter>jpeg</Filter>
    </ClInclude>
    <ClInclude Include="jpeg\jinclude.h">
      <Filter>jpeg</Filter>
    </ClInclude>
    <ClInclude Include="jpeg\jmemsys.h">
      <Filter>jpeg</Filter>
    </ClInclude>
    <ClInclude Include="jpeg\jmorecfg.h">
      <Filter>jpeg</Filter>
    </ClInclude>
    <ClInclude Include="jpeg\jpegint.h">
      <Filter>jpeg</Filter>
    </ClInclude>
    <ClInclude Include="jpeg\jpeglib.h">
      <Filter>jpeg</Filter>
    </ClInclude>
    <ClInclude Include="jpeg\jversion.h">
      <Filter>jpeg</Filter>
    </ClInclude>
    <ClInclude Include="png\png.h">
      <Filter>png</Filter>
    </ClInclude>
    <ClInclude Include="png\pngconf.h">
      <Filter>png</Filter>
    </ClInclude>
    <ClInclude Include="zlib\crc32.h">
      <Filter>zlib</Filter>
    </ClInclude>
    <ClInclude Include="zlib\deflate.h">
      <Filter>zlib</Filter>
    </ClInclude>
    <ClInclude Include="zlib\inffast.h">
      <Filter>zlib</Filter>
    </ClInclude>
    <ClInclude Include="zlib\inffixed.h">
      <Filter>zlib</Filter>
    </ClInclude>
    <ClInclude Include="zlib\inflate.h">
      <Filter>zlib</Filter>
    </ClInclude>
    <ClInclude Include="zlib\inftrees.h">
      <Filter>zlib</Filter>
    </ClInclude>
    <ClInclude Include="zlib\trees.h">
      <Filter>zlib</Filter>
    </ClInclude>
    <ClInclude Include="zlib\zconf.h">
      <Filter>zlib</Filter>
    </ClInclude>
    <ClInclude Include="zlib\zconf.in.h">
      <Filter>zlib</Filter>
    </ClInclude>
    <ClInclude Include="zlib\zlib.h">
      <Filter>zlib</Filter>
    </ClInclude>
    <ClInclude Include="zlib\zutil.h">
      <Filter>zlib</Filter>
    </ClInclude>
  </ItemGroup>
  <ItemGroup>
    <Text Include="jpeg\filelist.txt">
      <Filter>jpeg</Filter>
    </Text>
    <Text Include="jpeg\Readme.txt">
      <Filter>jpeg</Filter>
    </Text>
    <Text Include="png\libpng-1.2.24.txt">
      <Filter>png</Filter>
    </Text>
    <Text Include="zlib\algorithm.txt">
      <Filter>zlib</Filter>
    </Text>
  </ItemGroup>
  <ItemGroup>
    <None Include="png\ANNOUNCE">
      <Filter>png</Filter>
    </None>
    <None Include="png\CHANGES">
      <Filter>png</Filter>
    </None>
    <None Include="png\INSTALL">
      <Filter>png</Filter>
    </None>
    <None Include="png\KNOWNBUG">
      <Filter>png</Filter>
    </None>
    <None Include="png\LICENSE">
      <Filter>png</Filter>
    </None>
    <None Include="png\README">
      <Filter>png</Filter>
    </None>
    <None Include="png\TODO">
      <Filter>png</Filter>
    </None>
    <None Include="png\Y2KINFO">
      <Filter>png</Filter>
    </None>
    <None Include="zlib\ChangeLog">
      <Filter>zlib</Filter>
    </None>
    <None Include="zlib\FAQ">
      <Filter>zlib</Filter>
    </None>
    <None Include="zlib\README">
      <Filter>zlib</Filter>
    </None>
  </ItemGroup>
</Project>