<?xml version="1.0" encoding="utf-8"?>
<Project ToolsVersion="4.0" xmlns="http://schemas.microsoft.com/developer/msbuild/2003">
  <ItemGroup>
    <Filter Include="API">
      <UniqueIdentifier>{804301a3-7407-4a7b-81b5-64272e7045c6}</UniqueIdentifier>
    </Filter>
    <Filter Include="Operations">
      <UniqueIdentifier>{31e5b0b1-b44c-4c35-b8da-7b757882dc46}</UniqueIdentifier>
    </Filter>
    <Filter Include="yaolog">
      <UniqueIdentifier>{fbcd6d62-19c5-48cf-beff-27d2968e4bc0}</UniqueIdentifier>
    </Filter>
    <Filter Include="TcpScoketManager">
      <UniqueIdentifier>{fc099ee2-44b1-4fc3-ac62-a1d770ca83f7}</UniqueIdentifier>
    </Filter>
    <Filter Include="netlib">
      <UniqueIdentifier>{170770b6-be8f-4968-9556-ff211800201a}</UniqueIdentifier>
    </Filter>
    <Filter Include="netlib\impdu">
      <UniqueIdentifier>{468c9161-d381-4bce-b6ac-cb6df7c0dd05}</UniqueIdentifier>
    </Filter>
    <Filter Include="netlib\core">
      <UniqueIdentifier>{0d4f3f59-c7ae-4177-a028-639af52ecf7e}</UniqueIdentifier>
    </Filter>
    <Filter Include="netlib\utility">
      <UniqueIdentifier>{ee4af447-c4d6-4032-8076-f9fab667261d}</UniqueIdentifier>
    </Filter>
  </ItemGroup>
  <ItemGroup>
    <ClInclude Include="..\..\include\network\ImCore.h">
      <Filter>API</Filter>
    </ClInclude>
    <ClInclude Include="..\..\include\network\ErrorCode.h">
      <Filter>Operations</Filter>
    </ClInclude>
    <ClInclude Include="..\..\include\network\IOperation.h">
      <Filter>Operations</Filter>
    </ClInclude>
    <ClInclude Include="..\..\include\network\Operation.h">
      <Filter>Operations</Filter>
    </ClInclude>
    <ClInclude Include="..\..\include\network\Exception.h">
      <Filter>Operations</Filter>
    </ClInclude>
    <ClInclude Include="..\..\include\network\ImPduBase.h">
      <Filter>netlib\impdu</Filter>
    </ClInclude>
    <ClInclude Include="..\..\include\network\ImPduUtil.h">
      <Filter>netlib\impdu</Filter>
    </ClInclude>
    <ClInclude Include="netlib\TcpSocketsManager.h">
      <Filter>TcpScoketManager</Filter>
    </ClInclude>
    <ClInclude Include="operations\OperationManager.h">
      <Filter>Operations</Filter>
    </ClInclude>
    <ClInclude Include="..\..\3rdParty\share\yaolog\yaolog.h">
      <Filter>yaolog</Filter>
    </ClInclude>
    <ClInclude Include="..\..\include\network\netlib.h">
      <Filter>netlib\core</Filter>
    </ClInclude>
    <ClInclude Include="netlib\core\BaseSocket.h">
      <Filter>netlib\core</Filter>
    </ClInclude>
    <ClInclude Include="netlib\core\EventDispatch.h">
      <Filter>netlib\core</Filter>
    </ClInclude>
    <ClInclude Include="..\..\include\network\Lock.h">
      <Filter>netlib\utility</Filter>
    </ClInclude>
    <ClInclude Include="..\..\include\network\util.h">
      <Filter>netlib\utility</Filter>
    </ClInclude>
    <ClInclude Include="..\..\include\network\im_conn.h">
      <Filter>netlib</Filter>
    </ClInclude>
    <ClInclude Include="..\..\include\network\ostype.h">
      <Filter>netlib</Filter>
    </ClInclude>
  </ItemGroup>
  <ItemGroup>
    <ClCompile Include="ImCore.cpp">
      <Filter>API</Filter>
    </ClCompile>
    <ClCompile Include="netlib\impdu\ImPduBase.cpp">
      <Filter>netlib\impdu</Filter>
    </ClCompile>
    <ClCompile Include="netlib\impdu\ImPduUtil.cpp">
      <Filter>netlib\impdu</Filter>
    </ClCompile>
    <ClCompile Include="netlib\TcpSocketsManager.cpp">
      <Filter>TcpScoketManager</Filter>
    </ClCompile>
    <ClCompile Include="operations\Operation.cpp">
      <Filter>Operations</Filter>
    </ClCompile>
    <ClCompile Include="operations\OperationManager.cpp">
      <Filter>Operations</Filter>
    </ClCompile>
    <ClCompile Include="..\..\3rdParty\share\yaolog\yaolog.cpp">
      <Filter>yaolog</Filter>
    </ClCompile>
    <ClCompile Include="netlib\core\BaseSocket.cpp">
      <Filter>netlib\core</Filter>
    </ClCompile>
    <ClCompile Include="netlib\core\EventDispatch.cpp">
      <Filter>netlib\core</Filter>
    </ClCompile>
    <ClCompile Include="netlib\core\netlib.cpp">
      <Filter>netlib\core</Filter>
    </ClCompile>
    <ClCompile Include="netlib\utility\Lock.cpp">
      <Filter>netlib\utility</Filter>
    </ClCompile>
    <ClCompile Include="netlib\utility\util.cpp">
      <Filter>netlib\utility</Filter>
    </ClCompile>
    <ClCompile Include="netlib\im_conn.cpp">
      <Filter>netlib</Filter>
    </ClCompile>
  </ItemGroup>
</Project>